PODS:
  - SAJsonParser (1.2.8)
  - SAModelSpace (0.2.7):
    - SAJsonParser (= 1.2.8)

DEPENDENCIES:
  - SAModelSpace (from `../`)

EXTERNAL SOURCES:
  SAModelSpace:
    :path: ../

SPEC CHECKSUMS:
  SAJsonParser: 288884703a9e3cfbbb966f4ad33aa31b7a6138c1
  SAModelSpace: d0c4586b3ec52861e9d23f2ab016f52a314b8752

PODFILE CHECKSUM: cf242523a8c3c6aa533c3ab1fcdb64b6ccd46e43

COCOAPODS: 1.0.1
