PODS:
  - SAJsonParser (1.2.5)
  - SAModelSpace (0.1.6):
    - SAJsonParser (= 1.2.5)

DEPENDENCIES:
  - SAModelSpace (from `../`)

EXTERNAL SOURCES:
  SAModelSpace:
    :path: ../

SPEC CHECKSUMS:
  SAJsonParser: c933541162c2977992bdf866cfc66c14375645c0
  SAModelSpace: 7b91f5d2794d8c5cd48c9acd41bebba1708ec68c

PODFILE CHECKSUM: d68323efc3002ce0b438bc458f2025f4925477e9

COCOAPODS: 1.0.1
